
Microsoft Visual Studio Solution File, Format Version 12.00
# Visual Studio Version 17
VisualStudioVersion = 17.3.32825.248
MinimumVisualStudioVersion = 10.0.40219.1
Project("{F184B08F-C81C-45F6-A57F-5ABD9991F28F}") = "basic01", "basic01\basic01.vbproj", "{41A3D8DC-1F2E-468C-A03B-E7AB49F523AD}"
EndProject
Global
	GlobalSection(SolutionConfigurationPlatforms) = preSolution
		Debug|Any CPU = Debug|Any CPU
		Release|Any CPU = Release|Any CPU
	EndGlobalSection
	GlobalSection(ProjectConfigurationPlatforms) = postSolution
		{41A3D8DC-1F2E-468C-A03B-E7AB49F523AD}.Debug|Any CPU.ActiveCfg = Debug|Any CPU
		{41A3D8DC-1F2E-468C-A03B-E7AB49F523AD}.Debug|Any CPU.Build.0 = Debug|Any CPU
		{41A3D8DC-1F2E-468C-A03B-E7AB49F523AD}.Release|Any CPU.ActiveCfg = Release|Any CPU
		{41A3D8DC-1F2E-468C-A03B-E7AB49F523AD}.Release|Any CPU.Build.0 = Release|Any CPU
	EndGlobalSection
	GlobalSection(SolutionProperties) = preSolution
		HideSolutionNode = FALSE
	EndGlobalSection
	GlobalSection(ExtensibilityGlobals) = postSolution
		SolutionGuid = {C4428A2C-9E45-480D-9DDE-8DA4948B54EF}
	EndGlobalSection
EndGlobal
